
Microsoft Visual Studio Solution File, Format Version 12.00
# Visual Studio 15
Project("{FAE04EC0-301F-11D3-BF4B-00C04F79EFBC}") = "Assembly-CSharp", "Assembly-CSharp.csproj", "{4ABC3E90-F0FC-E454-3B44-F4420C64AA27}"
EndProject
Global
	GlobalSection(SolutionConfigurationPlatforms) = preSolution
		Debug|Any CPU = Debug|Any CPU
		Release|Any CPU = Release|Any CPU
	EndGlobalSection
	GlobalSection(ProjectConfigurationPlatforms) = postSolution
		{4ABC3E90-F0FC-E454-3B44-F4420C64AA27}.Debug|Any CPU.ActiveCfg = Debug|Any CPU
		{4ABC3E90-F0FC-E454-3B44-F4420C64AA27}.Debug|Any CPU.Build.0 = Debug|Any CPU
		{4ABC3E90-F0FC-E454-3B44-F4420C64AA27}.Release|Any CPU.ActiveCfg = Release|Any CPU
		{4ABC3E90-F0FC-E454-3B44-F4420C64AA27}.Release|Any CPU.Build.0 = Release|Any CPU
	EndGlobalSection
	GlobalSection(SolutionProperties) = preSolution
		HideSolutionNode = FALSE
	EndGlobalSection
EndGlobal
