
Microsoft Visual Studio Solution File, Format Version 12.00
# Visual Studio Version 17
VisualStudioVersion = 17.9.34310.174
MinimumVisualStudioVersion = 10.0.40219.1
Project("{8BC9CEB8-8B4A-11D0-8D11-00A0C91BC942}") = "VirtualDisplay.Driver", "VirtualDisplay.Driver\VirtualDisplay.Driver.vcxproj", "{2D54CB75-8B17-4F11-97DC-847B0244CD46}"
EndProject
Project("{8BC9CEB8-8B4A-11D0-8D11-00A0C91BC942}") = "VirtualDisplay.Native", "VirtualDisplay.Native\VirtualDisplay.Native.vcxproj", "{3DBEBDB4-9107-462A-B962-B4FFEE077EAB}"
EndProject
Project("{9A19103F-16F7-4668-BE54-9A1E7A4F7556}") = "VirtualDisplay.Test", "VirtualDisplay.Test\VirtualDisplay.Test.csproj", "{F68F4FDC-447F-448B-B91C-E99725C8DA97}"
EndProject
Project("{9A19103F-16F7-4668-BE54-9A1E7A4F7556}") = "VirtualDisplay.Unity", "VirtualDisplay.Unity\VirtualDisplay.Unity.csproj", "{4F4C20EE-D89A-40D0-9AB9-A6FAE9C1A935}"
EndProject
Project("{9A19103F-16F7-4668-BE54-9A1E7A4F7556}") = "VirtualDisplay.Abstraction", "VirtualDisplay.Abstraction\VirtualDisplay.Abstraction.csproj", "{43F852A5-94D4-493C-A472-1001854E2CE4}"
EndProject
Project("{8BC9CEB8-8B4A-11D0-8D11-00A0C91BC942}") = "VirtualDisplay.Decoder.Native", "VirtualDisplay.Decoder.Native\VirtualDisplay.Decoder.Native.vcxproj", "{5F78A8F5-3587-4727-9EE7-700F5BEE6972}"
EndProject
Project("{9A19103F-16F7-4668-BE54-9A1E7A4F7556}") = "VirtualDisplay.Core", "VirtualDisplay.Core\VirtualDisplay.Core.csproj", "{4194379A-C8A1-4BDC-9A97-1C28F1C4E3FB}"
EndProject
Project("{2150E333-8FDC-42A3-9474-1A3956D46DE8}") = "Solution Items", "Solution Items", "{2FCE5441-7101-45B3-8C89-E462689E6C0C}"
	ProjectSection(SolutionItems) = preProject
		..\.gitignore = ..\.gitignore
		..\README.md = ..\README.md
	EndProjectSection
EndProject
Global
	GlobalSection(SolutionConfigurationPlatforms) = preSolution
		Debug|Any CPU = Debug|Any CPU
		Debug|ARM = Debug|ARM
		Debug|ARM64 = Debug|ARM64
		Debug|x64 = Debug|x64
		Debug|x86 = Debug|x86
		DebugWsl|Any CPU = DebugWsl|Any CPU
		DebugWsl|ARM = DebugWsl|ARM
		DebugWsl|ARM64 = DebugWsl|ARM64
		DebugWsl|x64 = DebugWsl|x64
		DebugWsl|x86 = DebugWsl|x86
		Release|Any CPU = Release|Any CPU
		Release|ARM = Release|ARM
		Release|ARM64 = Release|ARM64
		Release|x64 = Release|x64
		Release|x86 = Release|x86
	EndGlobalSection
	GlobalSection(ProjectConfigurationPlatforms) = postSolution
		{2D54CB75-8B17-4F11-97DC-847B0244CD46}.Debug|Any CPU.ActiveCfg = Debug|x64
		{2D54CB75-8B17-4F11-97DC-847B0244CD46}.Debug|Any CPU.Build.0 = Debug|x64
		{2D54CB75-8B17-4F11-97DC-847B0244CD46}.Debug|Any CPU.Deploy.0 = Debug|x64
		{2D54CB75-8B17-4F11-97DC-847B0244CD46}.Debug|ARM.ActiveCfg = Debug|ARM
		{2D54CB75-8B17-4F11-97DC-847B0244CD46}.Debug|ARM.Build.0 = Debug|ARM
		{2D54CB75-8B17-4F11-97DC-847B0244CD46}.Debug|ARM.Deploy.0 = Debug|ARM
		{2D54CB75-8B17-4F11-97DC-847B0244CD46}.Debug|ARM64.ActiveCfg = Debug|ARM64
		{2D54CB75-8B17-4F11-97DC-847B0244CD46}.Debug|ARM64.Build.0 = Debug|ARM64
		{2D54CB75-8B17-4F11-97DC-847B0244CD46}.Debug|ARM64.Deploy.0 = Debug|ARM64
		{2D54CB75-8B17-4F11-97DC-847B0244CD46}.Debug|x64.ActiveCfg = Debug|x64
		{2D54CB75-8B17-4F11-97DC-847B0244CD46}.Debug|x64.Build.0 = Debug|x64
		{2D54CB75-8B17-4F11-97DC-847B0244CD46}.Debug|x64.Deploy.0 = Debug|x64
		{2D54CB75-8B17-4F11-97DC-847B0244CD46}.Debug|x86.ActiveCfg = Debug|Win32
		{2D54CB75-8B17-4F11-97DC-847B0244CD46}.Debug|x86.Build.0 = Debug|Win32
		{2D54CB75-8B17-4F11-97DC-847B0244CD46}.Debug|x86.Deploy.0 = Debug|Win32
		{2D54CB75-8B17-4F11-97DC-847B0244CD46}.DebugWsl|Any CPU.ActiveCfg = DebugWsl|x64
		{2D54CB75-8B17-4F11-97DC-847B0244CD46}.DebugWsl|Any CPU.Build.0 = DebugWsl|x64
		{2D54CB75-8B17-4F11-97DC-847B0244CD46}.DebugWsl|Any CPU.Deploy.0 = DebugWsl|x64
		{2D54CB75-8B17-4F11-97DC-847B0244CD46}.DebugWsl|ARM.ActiveCfg = DebugWsl|ARM
		{2D54CB75-8B17-4F11-97DC-847B0244CD46}.DebugWsl|ARM.Build.0 = DebugWsl|ARM
		{2D54CB75-8B17-4F11-97DC-847B0244CD46}.DebugWsl|ARM.Deploy.0 = DebugWsl|ARM
		{2D54CB75-8B17-4F11-97DC-847B0244CD46}.DebugWsl|ARM64.ActiveCfg = DebugWsl|ARM64
		{2D54CB75-8B17-4F11-97DC-847B0244CD46}.DebugWsl|ARM64.Build.0 = DebugWsl|ARM64
		{2D54CB75-8B17-4F11-97DC-847B0244CD46}.DebugWsl|ARM64.Deploy.0 = DebugWsl|ARM64
		{2D54CB75-8B17-4F11-97DC-847B0244CD46}.DebugWsl|x64.ActiveCfg = DebugWsl|x64
		{2D54CB75-8B17-4F11-97DC-847B0244CD46}.DebugWsl|x64.Build.0 = DebugWsl|x64
		{2D54CB75-8B17-4F11-97DC-847B0244CD46}.DebugWsl|x64.Deploy.0 = DebugWsl|x64
		{2D54CB75-8B17-4F11-97DC-847B0244CD46}.DebugWsl|x86.ActiveCfg = DebugWsl|Win32
		{2D54CB75-8B17-4F11-97DC-847B0244CD46}.DebugWsl|x86.Build.0 = DebugWsl|Win32
		{2D54CB75-8B17-4F11-97DC-847B0244CD46}.DebugWsl|x86.Deploy.0 = DebugWsl|Win32
		{2D54CB75-8B17-4F11-97DC-847B0244CD46}.Release|Any CPU.ActiveCfg = Release|x64
		{2D54CB75-8B17-4F11-97DC-847B0244CD46}.Release|Any CPU.Build.0 = Release|x64
		{2D54CB75-8B17-4F11-97DC-847B0244CD46}.Release|Any CPU.Deploy.0 = Release|x64
		{2D54CB75-8B17-4F11-97DC-847B0244CD46}.Release|ARM.ActiveCfg = Release|ARM
		{2D54CB75-8B17-4F11-97DC-847B0244CD46}.Release|ARM.Build.0 = Release|ARM
		{2D54CB75-8B17-4F11-97DC-847B0244CD46}.Release|ARM.Deploy.0 = Release|ARM
		{2D54CB75-8B17-4F11-97DC-847B0244CD46}.Release|ARM64.ActiveCfg = Release|ARM64
		{2D54CB75-8B17-4F11-97DC-847B0244CD46}.Release|ARM64.Build.0 = Release|ARM64
		{2D54CB75-8B17-4F11-97DC-847B0244CD46}.Release|ARM64.Deploy.0 = Release|ARM64
		{2D54CB75-8B17-4F11-97DC-847B0244CD46}.Release|x64.ActiveCfg = Release|x64
		{2D54CB75-8B17-4F11-97DC-847B0244CD46}.Release|x64.Build.0 = Release|x64
		{2D54CB75-8B17-4F11-97DC-847B0244CD46}.Release|x64.Deploy.0 = Release|x64
		{2D54CB75-8B17-4F11-97DC-847B0244CD46}.Release|x86.ActiveCfg = Release|Win32
		{2D54CB75-8B17-4F11-97DC-847B0244CD46}.Release|x86.Build.0 = Release|Win32
		{2D54CB75-8B17-4F11-97DC-847B0244CD46}.Release|x86.Deploy.0 = Release|Win32
		{3DBEBDB4-9107-462A-B962-B4FFEE077EAB}.Debug|Any CPU.ActiveCfg = Debug|x64
		{3DBEBDB4-9107-462A-B962-B4FFEE077EAB}.Debug|Any CPU.Build.0 = Debug|x64
		{3DBEBDB4-9107-462A-B962-B4FFEE077EAB}.Debug|ARM.ActiveCfg = Debug|x64
		{3DBEBDB4-9107-462A-B962-B4FFEE077EAB}.Debug|ARM.Build.0 = Debug|x64
		{3DBEBDB4-9107-462A-B962-B4FFEE077EAB}.Debug|ARM64.ActiveCfg = Debug|x64
		{3DBEBDB4-9107-462A-B962-B4FFEE077EAB}.Debug|ARM64.Build.0 = Debug|x64
		{3DBEBDB4-9107-462A-B962-B4FFEE077EAB}.Debug|x64.ActiveCfg = Debug|x64
		{3DBEBDB4-9107-462A-B962-B4FFEE077EAB}.Debug|x64.Build.0 = Debug|x64
		{3DBEBDB4-9107-462A-B962-B4FFEE077EAB}.Debug|x86.ActiveCfg = Debug|Win32
		{3DBEBDB4-9107-462A-B962-B4FFEE077EAB}.Debug|x86.Build.0 = Debug|Win32
		{3DBEBDB4-9107-462A-B962-B4FFEE077EAB}.DebugWsl|Any CPU.ActiveCfg = DebugWsl|x64
		{3DBEBDB4-9107-462A-B962-B4FFEE077EAB}.DebugWsl|Any CPU.Build.0 = DebugWsl|x64
		{3DBEBDB4-9107-462A-B962-B4FFEE077EAB}.DebugWsl|ARM.ActiveCfg = DebugWsl|x64
		{3DBEBDB4-9107-462A-B962-B4FFEE077EAB}.DebugWsl|ARM.Build.0 = DebugWsl|x64
		{3DBEBDB4-9107-462A-B962-B4FFEE077EAB}.DebugWsl|ARM64.ActiveCfg = DebugWsl|x64
		{3DBEBDB4-9107-462A-B962-B4FFEE077EAB}.DebugWsl|ARM64.Build.0 = DebugWsl|x64
		{3DBEBDB4-9107-462A-B962-B4FFEE077EAB}.DebugWsl|x64.ActiveCfg = DebugWsl|x64
		{3DBEBDB4-9107-462A-B962-B4FFEE077EAB}.DebugWsl|x64.Build.0 = DebugWsl|x64
		{3DBEBDB4-9107-462A-B962-B4FFEE077EAB}.DebugWsl|x86.ActiveCfg = DebugWsl|Win32
		{3DBEBDB4-9107-462A-B962-B4FFEE077EAB}.DebugWsl|x86.Build.0 = DebugWsl|Win32
		{3DBEBDB4-9107-462A-B962-B4FFEE077EAB}.Release|Any CPU.ActiveCfg = Release|x64
		{3DBEBDB4-9107-462A-B962-B4FFEE077EAB}.Release|Any CPU.Build.0 = Release|x64
		{3DBEBDB4-9107-462A-B962-B4FFEE077EAB}.Release|ARM.ActiveCfg = Release|x64
		{3DBEBDB4-9107-462A-B962-B4FFEE077EAB}.Release|ARM.Build.0 = Release|x64
		{3DBEBDB4-9107-462A-B962-B4FFEE077EAB}.Release|ARM64.ActiveCfg = Release|x64
		{3DBEBDB4-9107-462A-B962-B4FFEE077EAB}.Release|ARM64.Build.0 = Release|x64
		{3DBEBDB4-9107-462A-B962-B4FFEE077EAB}.Release|x64.ActiveCfg = Release|x64
		{3DBEBDB4-9107-462A-B962-B4FFEE077EAB}.Release|x64.Build.0 = Release|x64
		{3DBEBDB4-9107-462A-B962-B4FFEE077EAB}.Release|x86.ActiveCfg = Release|Win32
		{3DBEBDB4-9107-462A-B962-B4FFEE077EAB}.Release|x86.Build.0 = Release|Win32
		{F68F4FDC-447F-448B-B91C-E99725C8DA97}.Debug|Any CPU.ActiveCfg = Debug|Any CPU
		{F68F4FDC-447F-448B-B91C-E99725C8DA97}.Debug|Any CPU.Build.0 = Debug|Any CPU
		{F68F4FDC-447F-448B-B91C-E99725C8DA97}.Debug|ARM.ActiveCfg = Debug|Any CPU
		{F68F4FDC-447F-448B-B91C-E99725C8DA97}.Debug|ARM.Build.0 = Debug|Any CPU
		{F68F4FDC-447F-448B-B91C-E99725C8DA97}.Debug|ARM64.ActiveCfg = Debug|Any CPU
		{F68F4FDC-447F-448B-B91C-E99725C8DA97}.Debug|ARM64.Build.0 = Debug|Any CPU
		{F68F4FDC-447F-448B-B91C-E99725C8DA97}.Debug|x64.ActiveCfg = Debug|x64
		{F68F4FDC-447F-448B-B91C-E99725C8DA97}.Debug|x64.Build.0 = Debug|x64
		{F68F4FDC-447F-448B-B91C-E99725C8DA97}.Debug|x86.ActiveCfg = Debug|x86
		{F68F4FDC-447F-448B-B91C-E99725C8DA97}.Debug|x86.Build.0 = Debug|x86
		{F68F4FDC-447F-448B-B91C-E99725C8DA97}.DebugWsl|Any CPU.ActiveCfg = DebugWsl|Any CPU
		{F68F4FDC-447F-448B-B91C-E99725C8DA97}.DebugWsl|Any CPU.Build.0 = DebugWsl|Any CPU
		{F68F4FDC-447F-448B-B91C-E99725C8DA97}.DebugWsl|ARM.ActiveCfg = DebugWsl|Any CPU
		{F68F4FDC-447F-448B-B91C-E99725C8DA97}.DebugWsl|ARM.Build.0 = DebugWsl|Any CPU
		{F68F4FDC-447F-448B-B91C-E99725C8DA97}.DebugWsl|ARM64.ActiveCfg = DebugWsl|Any CPU
		{F68F4FDC-447F-448B-B91C-E99725C8DA97}.DebugWsl|ARM64.Build.0 = DebugWsl|Any CPU
		{F68F4FDC-447F-448B-B91C-E99725C8DA97}.DebugWsl|x64.ActiveCfg = DebugWsl|x64
		{F68F4FDC-447F-448B-B91C-E99725C8DA97}.DebugWsl|x64.Build.0 = DebugWsl|x64
		{F68F4FDC-447F-448B-B91C-E99725C8DA97}.DebugWsl|x86.ActiveCfg = DebugWsl|x86
		{F68F4FDC-447F-448B-B91C-E99725C8DA97}.DebugWsl|x86.Build.0 = DebugWsl|x86
		{F68F4FDC-447F-448B-B91C-E99725C8DA97}.Release|Any CPU.ActiveCfg = Release|Any CPU
		{F68F4FDC-447F-448B-B91C-E99725C8DA97}.Release|Any CPU.Build.0 = Release|Any CPU
		{F68F4FDC-447F-448B-B91C-E99725C8DA97}.Release|ARM.ActiveCfg = Release|Any CPU
		{F68F4FDC-447F-448B-B91C-E99725C8DA97}.Release|ARM.Build.0 = Release|Any CPU
		{F68F4FDC-447F-448B-B91C-E99725C8DA97}.Release|ARM64.ActiveCfg = Release|Any CPU
		{F68F4FDC-447F-448B-B91C-E99725C8DA97}.Release|ARM64.Build.0 = Release|Any CPU
		{F68F4FDC-447F-448B-B91C-E99725C8DA97}.Release|x64.ActiveCfg = Release|x64
		{F68F4FDC-447F-448B-B91C-E99725C8DA97}.Release|x64.Build.0 = Release|x64
		{F68F4FDC-447F-448B-B91C-E99725C8DA97}.Release|x86.ActiveCfg = Release|x86
		{F68F4FDC-447F-448B-B91C-E99725C8DA97}.Release|x86.Build.0 = Release|x86
		{4F4C20EE-D89A-40D0-9AB9-A6FAE9C1A935}.Debug|Any CPU.ActiveCfg = Debug|Any CPU
		{4F4C20EE-D89A-40D0-9AB9-A6FAE9C1A935}.Debug|Any CPU.Build.0 = Debug|Any CPU
		{4F4C20EE-D89A-40D0-9AB9-A6FAE9C1A935}.Debug|ARM.ActiveCfg = Debug|Any CPU
		{4F4C20EE-D89A-40D0-9AB9-A6FAE9C1A935}.Debug|ARM.Build.0 = Debug|Any CPU
		{4F4C20EE-D89A-40D0-9AB9-A6FAE9C1A935}.Debug|ARM64.ActiveCfg = Debug|Any CPU
		{4F4C20EE-D89A-40D0-9AB9-A6FAE9C1A935}.Debug|ARM64.Build.0 = Debug|Any CPU
		{4F4C20EE-D89A-40D0-9AB9-A6FAE9C1A935}.Debug|x64.ActiveCfg = Debug|x64
		{4F4C20EE-D89A-40D0-9AB9-A6FAE9C1A935}.Debug|x64.Build.0 = Debug|x64
		{4F4C20EE-D89A-40D0-9AB9-A6FAE9C1A935}.Debug|x86.ActiveCfg = Debug|x86
		{4F4C20EE-D89A-40D0-9AB9-A6FAE9C1A935}.Debug|x86.Build.0 = Debug|x86
		{4F4C20EE-D89A-40D0-9AB9-A6FAE9C1A935}.DebugWsl|Any CPU.ActiveCfg = DebugWsl|Any CPU
		{4F4C20EE-D89A-40D0-9AB9-A6FAE9C1A935}.DebugWsl|Any CPU.Build.0 = DebugWsl|Any CPU
		{4F4C20EE-D89A-40D0-9AB9-A6FAE9C1A935}.DebugWsl|ARM.ActiveCfg = DebugWsl|Any CPU
		{4F4C20EE-D89A-40D0-9AB9-A6FAE9C1A935}.DebugWsl|ARM.Build.0 = DebugWsl|Any CPU
		{4F4C20EE-D89A-40D0-9AB9-A6FAE9C1A935}.DebugWsl|ARM64.ActiveCfg = DebugWsl|Any CPU
		{4F4C20EE-D89A-40D0-9AB9-A6FAE9C1A935}.DebugWsl|ARM64.Build.0 = DebugWsl|Any CPU
		{4F4C20EE-D89A-40D0-9AB9-A6FAE9C1A935}.DebugWsl|x64.ActiveCfg = DebugWsl|x64
		{4F4C20EE-D89A-40D0-9AB9-A6FAE9C1A935}.DebugWsl|x64.Build.0 = DebugWsl|x64
		{4F4C20EE-D89A-40D0-9AB9-A6FAE9C1A935}.DebugWsl|x86.ActiveCfg = DebugWsl|x86
		{4F4C20EE-D89A-40D0-9AB9-A6FAE9C1A935}.DebugWsl|x86.Build.0 = DebugWsl|x86
		{4F4C20EE-D89A-40D0-9AB9-A6FAE9C1A935}.Release|Any CPU.ActiveCfg = Release|Any CPU
		{4F4C20EE-D89A-40D0-9AB9-A6FAE9C1A935}.Release|Any CPU.Build.0 = Release|Any CPU
		{4F4C20EE-D89A-40D0-9AB9-A6FAE9C1A935}.Release|ARM.ActiveCfg = Release|Any CPU
		{4F4C20EE-D89A-40D0-9AB9-A6FAE9C1A935}.Release|ARM.Build.0 = Release|Any CPU
		{4F4C20EE-D89A-40D0-9AB9-A6FAE9C1A935}.Release|ARM64.ActiveCfg = Release|Any CPU
		{4F4C20EE-D89A-40D0-9AB9-A6FAE9C1A935}.Release|ARM64.Build.0 = Release|Any CPU
		{4F4C20EE-D89A-40D0-9AB9-A6FAE9C1A935}.Release|x64.ActiveCfg = Release|x64
		{4F4C20EE-D89A-40D0-9AB9-A6FAE9C1A935}.Release|x64.Build.0 = Release|x64
		{4F4C20EE-D89A-40D0-9AB9-A6FAE9C1A935}.Release|x86.ActiveCfg = Release|x86
		{4F4C20EE-D89A-40D0-9AB9-A6FAE9C1A935}.Release|x86.Build.0 = Release|x86
		{43F852A5-94D4-493C-A472-1001854E2CE4}.Debug|Any CPU.ActiveCfg = Debug|Any CPU
		{43F852A5-94D4-493C-A472-1001854E2CE4}.Debug|Any CPU.Build.0 = Debug|Any CPU
		{43F852A5-94D4-493C-A472-1001854E2CE4}.Debug|ARM.ActiveCfg = Debug|Any CPU
		{43F852A5-94D4-493C-A472-1001854E2CE4}.Debug|ARM.Build.0 = Debug|Any CPU
		{43F852A5-94D4-493C-A472-1001854E2CE4}.Debug|ARM64.ActiveCfg = Debug|Any CPU
		{43F852A5-94D4-493C-A472-1001854E2CE4}.Debug|ARM64.Build.0 = Debug|Any CPU
		{43F852A5-94D4-493C-A472-1001854E2CE4}.Debug|x64.ActiveCfg = Debug|x64
		{43F852A5-94D4-493C-A472-1001854E2CE4}.Debug|x64.Build.0 = Debug|x64
		{43F852A5-94D4-493C-A472-1001854E2CE4}.Debug|x86.ActiveCfg = Debug|x86
		{43F852A5-94D4-493C-A472-1001854E2CE4}.Debug|x86.Build.0 = Debug|x86
		{43F852A5-94D4-493C-A472-1001854E2CE4}.DebugWsl|Any CPU.ActiveCfg = DebugWsl|Any CPU
		{43F852A5-94D4-493C-A472-1001854E2CE4}.DebugWsl|Any CPU.Build.0 = DebugWsl|Any CPU
		{43F852A5-94D4-493C-A472-1001854E2CE4}.DebugWsl|ARM.ActiveCfg = DebugWsl|Any CPU
		{43F852A5-94D4-493C-A472-1001854E2CE4}.DebugWsl|ARM.Build.0 = DebugWsl|Any CPU
		{43F852A5-94D4-493C-A472-1001854E2CE4}.DebugWsl|ARM64.ActiveCfg = DebugWsl|Any CPU
		{43F852A5-94D4-493C-A472-1001854E2CE4}.DebugWsl|ARM64.Build.0 = DebugWsl|Any CPU
		{43F852A5-94D4-493C-A472-1001854E2CE4}.DebugWsl|x64.ActiveCfg = DebugWsl|x64
		{43F852A5-94D4-493C-A472-1001854E2CE4}.DebugWsl|x64.Build.0 = DebugWsl|x64
		{43F852A5-94D4-493C-A472-1001854E2CE4}.DebugWsl|x86.ActiveCfg = DebugWsl|x86
		{43F852A5-94D4-493C-A472-1001854E2CE4}.DebugWsl|x86.Build.0 = DebugWsl|x86
		{43F852A5-94D4-493C-A472-1001854E2CE4}.Release|Any CPU.ActiveCfg = Release|Any CPU
		{43F852A5-94D4-493C-A472-1001854E2CE4}.Release|Any CPU.Build.0 = Release|Any CPU
		{43F852A5-94D4-493C-A472-1001854E2CE4}.Release|ARM.ActiveCfg = Release|Any CPU
		{43F852A5-94D4-493C-A472-1001854E2CE4}.Release|ARM.Build.0 = Release|Any CPU
		{43F852A5-94D4-493C-A472-1001854E2CE4}.Release|ARM64.ActiveCfg = Release|Any CPU
		{43F852A5-94D4-493C-A472-1001854E2CE4}.Release|ARM64.Build.0 = Release|Any CPU
		{43F852A5-94D4-493C-A472-1001854E2CE4}.Release|x64.ActiveCfg = Release|x64
		{43F852A5-94D4-493C-A472-1001854E2CE4}.Release|x64.Build.0 = Release|x64
		{43F852A5-94D4-493C-A472-1001854E2CE4}.Release|x86.ActiveCfg = Release|x86
		{43F852A5-94D4-493C-A472-1001854E2CE4}.Release|x86.Build.0 = Release|x86
		{5F78A8F5-3587-4727-9EE7-700F5BEE6972}.Debug|Any CPU.ActiveCfg = Debug|x64
		{5F78A8F5-3587-4727-9EE7-700F5BEE6972}.Debug|Any CPU.Build.0 = Debug|x64
		{5F78A8F5-3587-4727-9EE7-700F5BEE6972}.Debug|ARM.ActiveCfg = Debug|x64
		{5F78A8F5-3587-4727-9EE7-700F5BEE6972}.Debug|ARM.Build.0 = Debug|x64
		{5F78A8F5-3587-4727-9EE7-700F5BEE6972}.Debug|ARM64.ActiveCfg = Debug|x64
		{5F78A8F5-3587-4727-9EE7-700F5BEE6972}.Debug|ARM64.Build.0 = Debug|x64
		{5F78A8F5-3587-4727-9EE7-700F5BEE6972}.Debug|x64.ActiveCfg = Debug|x64
		{5F78A8F5-3587-4727-9EE7-700F5BEE6972}.Debug|x64.Build.0 = Debug|x64
		{5F78A8F5-3587-4727-9EE7-700F5BEE6972}.Debug|x86.ActiveCfg = Debug|Win32
		{5F78A8F5-3587-4727-9EE7-700F5BEE6972}.Debug|x86.Build.0 = Debug|Win32
		{5F78A8F5-3587-4727-9EE7-700F5BEE6972}.DebugWsl|Any CPU.ActiveCfg = DebugWsl|x64
		{5F78A8F5-3587-4727-9EE7-700F5BEE6972}.DebugWsl|Any CPU.Build.0 = DebugWsl|x64
		{5F78A8F5-3587-4727-9EE7-700F5BEE6972}.DebugWsl|ARM.ActiveCfg = DebugWsl|x64
		{5F78A8F5-3587-4727-9EE7-700F5BEE6972}.DebugWsl|ARM.Build.0 = DebugWsl|x64
		{5F78A8F5-3587-4727-9EE7-700F5BEE6972}.DebugWsl|ARM64.ActiveCfg = DebugWsl|x64
		{5F78A8F5-3587-4727-9EE7-700F5BEE6972}.DebugWsl|ARM64.Build.0 = DebugWsl|x64
		{5F78A8F5-3587-4727-9EE7-700F5BEE6972}.DebugWsl|x64.ActiveCfg = DebugWsl|x64
		{5F78A8F5-3587-4727-9EE7-700F5BEE6972}.DebugWsl|x64.Build.0 = DebugWsl|x64
		{5F78A8F5-3587-4727-9EE7-700F5BEE6972}.DebugWsl|x86.ActiveCfg = DebugWsl|Win32
		{5F78A8F5-3587-4727-9EE7-700F5BEE6972}.DebugWsl|x86.Build.0 = DebugWsl|Win32
		{5F78A8F5-3587-4727-9EE7-700F5BEE6972}.Release|Any CPU.ActiveCfg = Release|x64
		{5F78A8F5-3587-4727-9EE7-700F5BEE6972}.Release|Any CPU.Build.0 = Release|x64
		{5F78A8F5-3587-4727-9EE7-700F5BEE6972}.Release|ARM.ActiveCfg = Release|x64
		{5F78A8F5-3587-4727-9EE7-700F5BEE6972}.Release|ARM.Build.0 = Release|x64
		{5F78A8F5-3587-4727-9EE7-700F5BEE6972}.Release|ARM64.ActiveCfg = Release|x64
		{5F78A8F5-3587-4727-9EE7-700F5BEE6972}.Release|ARM64.Build.0 = Release|x64
		{5F78A8F5-3587-4727-9EE7-700F5BEE6972}.Release|x64.ActiveCfg = Release|x64
		{5F78A8F5-3587-4727-9EE7-700F5BEE6972}.Release|x64.Build.0 = Release|x64
		{5F78A8F5-3587-4727-9EE7-700F5BEE6972}.Release|x86.ActiveCfg = Release|Win32
		{5F78A8F5-3587-4727-9EE7-700F5BEE6972}.Release|x86.Build.0 = Release|Win32
		{4194379A-C8A1-4BDC-9A97-1C28F1C4E3FB}.Debug|Any CPU.ActiveCfg = Debug|Any CPU
		{4194379A-C8A1-4BDC-9A97-1C28F1C4E3FB}.Debug|Any CPU.Build.0 = Debug|Any CPU
		{4194379A-C8A1-4BDC-9A97-1C28F1C4E3FB}.Debug|ARM.ActiveCfg = Debug|Any CPU
		{4194379A-C8A1-4BDC-9A97-1C28F1C4E3FB}.Debug|ARM.Build.0 = Debug|Any CPU
		{4194379A-C8A1-4BDC-9A97-1C28F1C4E3FB}.Debug|ARM64.ActiveCfg = Debug|Any CPU
		{4194379A-C8A1-4BDC-9A97-1C28F1C4E3FB}.Debug|ARM64.Build.0 = Debug|Any CPU
		{4194379A-C8A1-4BDC-9A97-1C28F1C4E3FB}.Debug|x64.ActiveCfg = Debug|x64
		{4194379A-C8A1-4BDC-9A97-1C28F1C4E3FB}.Debug|x64.Build.0 = Debug|x64
		{4194379A-C8A1-4BDC-9A97-1C28F1C4E3FB}.Debug|x86.ActiveCfg = Debug|x86
		{4194379A-C8A1-4BDC-9A97-1C28F1C4E3FB}.Debug|x86.Build.0 = Debug|x86
		{4194379A-C8A1-4BDC-9A97-1C28F1C4E3FB}.DebugWsl|Any CPU.ActiveCfg = DebugWsl|Any CPU
		{4194379A-C8A1-4BDC-9A97-1C28F1C4E3FB}.DebugWsl|Any CPU.Build.0 = DebugWsl|Any CPU
		{4194379A-C8A1-4BDC-9A97-1C28F1C4E3FB}.DebugWsl|ARM.ActiveCfg = DebugWsl|Any CPU
		{4194379A-C8A1-4BDC-9A97-1C28F1C4E3FB}.DebugWsl|ARM.Build.0 = DebugWsl|Any CPU
		{4194379A-C8A1-4BDC-9A97-1C28F1C4E3FB}.DebugWsl|ARM64.ActiveCfg = DebugWsl|Any CPU
		{4194379A-C8A1-4BDC-9A97-1C28F1C4E3FB}.DebugWsl|ARM64.Build.0 = DebugWsl|Any CPU
		{4194379A-C8A1-4BDC-9A97-1C28F1C4E3FB}.DebugWsl|x64.ActiveCfg = DebugWsl|x64
		{4194379A-C8A1-4BDC-9A97-1C28F1C4E3FB}.DebugWsl|x64.Build.0 = DebugWsl|x64
		{4194379A-C8A1-4BDC-9A97-1C28F1C4E3FB}.DebugWsl|x86.ActiveCfg = DebugWsl|x86
		{4194379A-C8A1-4BDC-9A97-1C28F1C4E3FB}.DebugWsl|x86.Build.0 = DebugWsl|x86
		{4194379A-C8A1-4BDC-9A97-1C28F1C4E3FB}.Release|Any CPU.ActiveCfg = Release|Any CPU
		{4194379A-C8A1-4BDC-9A97-1C28F1C4E3FB}.Release|Any CPU.Build.0 = Release|Any CPU
		{4194379A-C8A1-4BDC-9A97-1C28F1C4E3FB}.Release|ARM.ActiveCfg = Release|Any CPU
		{4194379A-C8A1-4BDC-9A97-1C28F1C4E3FB}.Release|ARM.Build.0 = Release|Any CPU
		{4194379A-C8A1-4BDC-9A97-1C28F1C4E3FB}.Release|ARM64.ActiveCfg = Release|Any CPU
		{4194379A-C8A1-4BDC-9A97-1C28F1C4E3FB}.Release|ARM64.Build.0 = Release|Any CPU
		{4194379A-C8A1-4BDC-9A97-1C28F1C4E3FB}.Release|x64.ActiveCfg = Release|x64
		{4194379A-C8A1-4BDC-9A97-1C28F1C4E3FB}.Release|x64.Build.0 = Release|x64
		{4194379A-C8A1-4BDC-9A97-1C28F1C4E3FB}.Release|x86.ActiveCfg = Release|x86
		{4194379A-C8A1-4BDC-9A97-1C28F1C4E3FB}.Release|x86.Build.0 = Release|x86
	EndGlobalSection
	GlobalSection(SolutionProperties) = preSolution
		HideSolutionNode = FALSE
	EndGlobalSection
	GlobalSection(ExtensibilityGlobals) = postSolution
		SolutionGuid = {CA4D1903-F0C3-43C5-9EAA-F998288D50D7}
	EndGlobalSection
EndGlobal
